# This file is automatically @generated by Cargo.
# It is not intended for manual editing.
version = 3

[[package]]
name = "ps-boj"
version = "0.1.0"
dependencies = [
 "util",
]

[[package]]
name = "ps-leetcode"
version = "0.1.0"
dependencies = [
 "util",
]

[[package]]
name = "util"
version = "0.1.0"
